
Microsoft Visual Studio Solution File, Format Version 12.00
# Visual Studio Version 17
VisualStudioVersion = 17.0.32014.148
MinimumVisualStudioVersion = 10.0.40219.1
Project("{9A19103F-16F7-4668-BE54-9A1E7A4F7556}") = "BarcodeImaging", "BarcodeImaging\BarcodeImaging.csproj", "{BE683695-2E85-4F72-83B1-03415ECDE9C4}"
EndProject
Global
	GlobalSection(SolutionConfigurationPlatforms) = preSolution
		Debug|Any CPU = Debug|Any CPU
		Release|Any CPU = Release|Any CPU
	EndGlobalSection
	GlobalSection(ProjectConfigurationPlatforms) = postSolution
		{BE683695-2E85-4F72-83B1-03415ECDE9C4}.Debug|Any CPU.ActiveCfg = Debug|Any CPU
		{BE683695-2E85-4F72-83B1-03415ECDE9C4}.Debug|Any CPU.Build.0 = Debug|Any CPU
		{BE683695-2E85-4F72-83B1-03415ECDE9C4}.Release|Any CPU.ActiveCfg = Release|Any CPU
		{BE683695-2E85-4F72-83B1-03415ECDE9C4}.Release|Any CPU.Build.0 = Release|Any CPU
	EndGlobalSection
	GlobalSection(SolutionProperties) = preSolution
		HideSolutionNode = FALSE
	EndGlobalSection
	GlobalSection(ExtensibilityGlobals) = postSolution
		SolutionGuid = {D3A11288-6379-4E3C-BB91-C4BFF86EF90D}
	EndGlobalSection
EndGlobal
